lockfileVersion: '9.0'

settings:
  autoInstallPeers: true
  excludeLinksFromLockfile: false

importers:

  .:
    devDependencies:
      '@webgpu/types':
        specifier: ^0.1.67
        version: 0.1.67

packages:

  '@webgpu/types@0.1.67':
    resolution: {integrity: sha512-uk53+2ECGUkWoDFez/hymwpRfdgdIn6y1ref70fEecGMe5607f4sozNFgBk0oxlr7j2CRGWBEc3IBYMmFdGGTQ==}

snapshots:

  '@webgpu/types@0.1.67': {}
